
Microsoft Visual Studio Solution File, Format Version 12.00
# Visual Studio Version 17
VisualStudioVersion = 17.5.33530.505
MinimumVisualStudioVersion = 10.0.40219.1
Project("{FAE04EC0-301F-11D3-BF4B-00C04F79EFBC}") = "test-desenvolvedorSP", "test-desenvolvedorSP.csproj", "{04C1CB07-6521-4A17-A85E-2139A0E8512E}"
EndProject
Global
	GlobalSection(SolutionConfigurationPlatforms) = preSolution
		Debug|Any CPU = Debug|Any CPU
		Release|Any CPU = Release|Any CPU
	EndGlobalSection
	GlobalSection(ProjectConfigurationPlatforms) = postSolution
		{04C1CB07-6521-4A17-A85E-2139A0E8512E}.Debug|Any CPU.ActiveCfg = Debug|Any CPU
		{04C1CB07-6521-4A17-A85E-2139A0E8512E}.Debug|Any CPU.Build.0 = Debug|Any CPU
		{04C1CB07-6521-4A17-A85E-2139A0E8512E}.Release|Any CPU.ActiveCfg = Release|Any CPU
		{04C1CB07-6521-4A17-A85E-2139A0E8512E}.Release|Any CPU.Build.0 = Release|Any CPU
	EndGlobalSection
	GlobalSection(SolutionProperties) = preSolution
		HideSolutionNode = FALSE
	EndGlobalSection
	GlobalSection(ExtensibilityGlobals) = postSolution
		SolutionGuid = {55131589-894B-4052-BECB-C48C294966BE}
	EndGlobalSection
EndGlobal
